
Microsoft Visual Studio Solution File, Format Version 12.00
# Visual Studio Version 17
VisualStudioVersion = 17.7.34202.233
MinimumVisualStudioVersion = 10.0.40219.1
Project("{9A19103F-16F7-4668-BE54-9A1E7A4F7556}") = "mark.davison.berlin.api", "api\mark.davison.berlin.api\mark.davison.berlin.api.csproj", "{229DA36D-1309-48A1-AA91-97A63A5F4BAB}"
EndProject
Project("{2150E333-8FDC-42A3-9474-1A3956D46DE8}") = "api", "api", "{179681B0-D068-4161-A21C-199ABA7A9088}"
EndProject
Project("{2150E333-8FDC-42A3-9474-1A3956D46DE8}") = "bff-web", "bff-web", "{2F0897BE-6567-44B3-8030-3634461FFB0A}"
EndProject
Project("{2150E333-8FDC-42A3-9474-1A3956D46DE8}") = "shared", "shared", "{F4ACDAFB-CC48-4451-AE95-760C70A580D6}"
EndProject
Project("{2150E333-8FDC-42A3-9474-1A3956D46DE8}") = "bff-common", "bff-common", "{F821870F-DB4D-4472-BEBD-2A7164BFA942}"
EndProject
Project("{2150E333-8FDC-42A3-9474-1A3956D46DE8}") = "migrations", "migrations", "{65EF5425-D541-4C38-B4F3-338B227B2CCA}"
EndProject
Project("{2150E333-8FDC-42A3-9474-1A3956D46DE8}") = "test", "test", "{40285C56-9D0D-471F-AD82-D1E88D2684AC}"
EndProject
Project("{9A19103F-16F7-4668-BE54-9A1E7A4F7556}") = "mark.davison.berlin.api.migrations.sqlite", "api\migrations\mark.davison.berlin.api.migrations.sqlite\mark.davison.berlin.api.migrations.sqlite.csproj", "{272871A2-7314-4A70-BCDB-918B18F2A627}"
EndProject
Project("{9A19103F-16F7-4668-BE54-9A1E7A4F7556}") = "mark.davison.berlin.api.migrations.postgres", "api\migrations\mark.davison.berlin.api.migrations.postgres\mark.davison.berlin.api.migrations.postgres.csproj", "{6488A7B5-00E4-423F-BD95-6924265C912B}"
EndProject
Project("{9A19103F-16F7-4668-BE54-9A1E7A4F7556}") = "mark.davison.berlin.shared.models", "shared\mark.davison.berlin.shared.models\mark.davison.berlin.shared.models.csproj", "{308230B3-24B1-40BE-A316-526CEBAFDA19}"
EndProject
Project("{9A19103F-16F7-4668-BE54-9A1E7A4F7556}") = "mark.davison.berlin.api.models.configuration", "api\mark.davison.berlin.api.models.configuration\mark.davison.berlin.api.models.configuration.csproj", "{7750B1A7-5513-4D21-9183-CBC0A6411249}"
EndProject
Project("{9A19103F-16F7-4668-BE54-9A1E7A4F7556}") = "mark.davison.berlin.api.persistence", "api\mark.davison.berlin.api.persistence\mark.davison.berlin.api.persistence.csproj", "{4CC18898-54A5-44EC-9953-93BD0B792E6F}"
EndProject
Project("{9A19103F-16F7-4668-BE54-9A1E7A4F7556}") = "mark.davison.berlin.api.test", "api\test\mark.davison.berlin.api.test\mark.davison.berlin.api.test.csproj", "{AF5DD811-471F-46EB-A931-5ED6AF3FB805}"
EndProject
Project("{2150E333-8FDC-42A3-9474-1A3956D46DE8}") = "test", "test", "{9FDCA6D9-E3D5-45AD-8F4F-53336BD7F3AC}"
EndProject
Project("{9A19103F-16F7-4668-BE54-9A1E7A4F7556}") = "mark.davison.berlin.shared.models.dtos", "shared\mark.davison.berlin.shared.models.dtos\mark.davison.berlin.shared.models.dtos.csproj", "{B435DDF2-3992-4027-A039-A86E2142A9E4}"
EndProject
Project("{9A19103F-16F7-4668-BE54-9A1E7A4F7556}") = "mark.davison.berlin.shared.commands", "shared\mark.davison.berlin.shared.commands\mark.davison.berlin.shared.commands.csproj", "{63F41E63-40B2-4E00-A504-17E59FEE597A}"
EndProject
Project("{9A19103F-16F7-4668-BE54-9A1E7A4F7556}") = "mark.davison.berlin.shared.queries", "shared\mark.davison.berlin.shared.queries\mark.davison.berlin.shared.queries.csproj", "{C809B455-FE4E-4916-AB08-D06BE40BF429}"
EndProject
Project("{9A19103F-16F7-4668-BE54-9A1E7A4F7556}") = "mark.davison.berlin.shared.commands.test", "shared\test\mark.davison.berlin.shared.commands.test\mark.davison.berlin.shared.commands.test.csproj", "{37052A2A-A4EA-4324-866C-99C4CA645436}"
EndProject
Project("{9A19103F-16F7-4668-BE54-9A1E7A4F7556}") = "mark.davison.berlin.shared.queries.test", "shared\test\mark.davison.berlin.shared.queries.test\mark.davison.berlin.shared.queries.test.csproj", "{73485E37-678D-4EDC-AE49-9FC5A3CAD584}"
EndProject
Project("{9A19103F-16F7-4668-BE54-9A1E7A4F7556}") = "mark.davison.berlin.bff.web", "bff-web\mark.davison.berlin.bff.web\mark.davison.berlin.bff.web.csproj", "{C339CADD-2745-4D8E-BB64-03A27EB76767}"
EndProject
Project("{2150E333-8FDC-42A3-9474-1A3956D46DE8}") = "test", "test", "{A1637F96-7528-43B9-A83B-40A55FE95090}"
EndProject
Project("{9A19103F-16F7-4668-BE54-9A1E7A4F7556}") = "mark.davison.berlin.bff.web.test", "bff-web\test\mark.davison.berlin.bff.web.test\mark.davison.berlin.bff.web.test.csproj", "{1C3ED49E-2CE6-4885-A33E-BF11EEDF95D4}"
EndProject
Project("{2150E333-8FDC-42A3-9474-1A3956D46DE8}") = "Solution Items", "Solution Items", "{C6AF52C5-15EA-4675-9846-4E0D8D7D7D98}"
	ProjectSection(SolutionItems) = preProject
		.editorconfig = .editorconfig
		..\.gitattributes = ..\.gitattributes
		..\.gitignore = ..\.gitignore
		web\entry.sh = web\entry.sh
		web\nginx.conf = web\nginx.conf
		..\README.md = ..\README.md
		..\TODO.md = ..\TODO.md
	EndProjectSection
EndProject
Project("{9A19103F-16F7-4668-BE54-9A1E7A4F7556}") = "mark.davison.berlin.bff.common", "bff-common\mark.davison.berlin.bff.common\mark.davison.berlin.bff.common.csproj", "{2C46BA79-D240-44C8-8501-0FF9AA5959B3}"
EndProject
Project("{2150E333-8FDC-42A3-9474-1A3956D46DE8}") = "test", "test", "{6DE42E8F-1B40-434A-8762-0E668B6B83B0}"
EndProject
Project("{9A19103F-16F7-4668-BE54-9A1E7A4F7556}") = "mark.davison.berlin.bff.common.test", "bff-common\test\mark.davison.berlin.bff.common.test\mark.davison.berlin.bff.common.test.csproj", "{96155DAE-91B8-4764-9191-7C1E015846EC}"
EndProject
Project("{9A19103F-16F7-4668-BE54-9A1E7A4F7556}") = "mark.davison.berlin.shared.validation", "shared\mark.davison.berlin.shared.validation\mark.davison.berlin.shared.validation.csproj", "{1CF27260-5666-488F-BEC9-C30D503C562F}"
EndProject
Project("{9A19103F-16F7-4668-BE54-9A1E7A4F7556}") = "mark.davison.berlin.shared.constants", "shared\mark.davison.berlin.shared.constants\mark.davison.berlin.shared.constants.csproj", "{57F02580-101A-415A-97BF-F7EDAA23EAFA}"
EndProject
Project("{9A19103F-16F7-4668-BE54-9A1E7A4F7556}") = "mark.davison.berlin.shared.logic", "mark.davison.berlin.shared.logic\mark.davison.berlin.shared.logic.csproj", "{664C6E2C-9850-4F59-BDC7-DA03B91375CA}"
EndProject
Project("{9A19103F-16F7-4668-BE54-9A1E7A4F7556}") = "mark.davison.berlin.shared.logic.test", "shared\test\mark.davison.berlin.shared.logic.test\mark.davison.berlin.shared.logic.test.csproj", "{F8C5D493-BD29-4679-9169-FC622CB25C8D}"
EndProject
Project("{9A19103F-16F7-4668-BE54-9A1E7A4F7556}") = "mark.davison.shared.services", "shared\mark.davison.shared.services\mark.davison.shared.services.csproj", "{9C626CA3-8CBE-4772-BF0C-A58900BCBE7B}"
EndProject
Project("{9A19103F-16F7-4668-BE54-9A1E7A4F7556}") = "mark.davison.shared.services.test", "shared\test\mark.davison.shared.services.test\mark.davison.shared.services.test.csproj", "{26E75C28-B2E1-4509-B2D9-F300669D2C26}"
EndProject
Project("{2150E333-8FDC-42A3-9474-1A3956D46DE8}") = "web", "web", "{878597A8-9199-4F18-8D1E-EA6FDB9FD471}"
EndProject
Project("{9A19103F-16F7-4668-BE54-9A1E7A4F7556}") = "mark.davison.berlin.web.ui", "web\mark.davison.berlin.web.ui\mark.davison.berlin.web.ui.csproj", "{D7A10A28-A0E2-403F-9C04-FD76DC7635F9}"
EndProject
Project("{9A19103F-16F7-4668-BE54-9A1E7A4F7556}") = "mark.davison.berlin.web.components", "web\mark.davison.berlin.web.components\mark.davison.berlin.web.components.csproj", "{66BA533C-995B-47C0-B9A8-27C6F74DE20E}"
EndProject
Project("{9A19103F-16F7-4668-BE54-9A1E7A4F7556}") = "mark.davison.berlin.web.features", "web\mark.davison.berlin.web.features\mark.davison.berlin.web.features.csproj", "{EB0313B5-33D4-4360-A507-F5D8B0725102}"
EndProject
Project("{9A19103F-16F7-4668-BE54-9A1E7A4F7556}") = "mark.davison.berlin.web.services", "web\mark.davison.berlin.web.services\mark.davison.berlin.web.services.csproj", "{B4CC9480-7FEE-490F-8483-6046227B948D}"
EndProject
Project("{2150E333-8FDC-42A3-9474-1A3956D46DE8}") = "test", "test", "{9A69FC2C-F515-4AA5-9AD6-39813FA7B7EC}"
EndProject
Project("{9A19103F-16F7-4668-BE54-9A1E7A4F7556}") = "mark.davison.berlin.web.ui.playwright", "web\test\mark.davison.berlin.web.ui.playwright\mark.davison.berlin.web.ui.playwright.csproj", "{BDA27F04-F1C7-477F-A1E1-F765229F9172}"
EndProject
Project("{9A19103F-16F7-4668-BE54-9A1E7A4F7556}") = "mark.davison.shared.server.services", "shared\mark.davison.shared.server.services\mark.davison.shared.server.services.csproj", "{6D21E0E0-7600-4F83-8E52-8013504C6FD9}"
EndProject
Project("{9A19103F-16F7-4668-BE54-9A1E7A4F7556}") = "mark.davison.berlin.api.jobs", "api\mark.davison.berlin.api.jobs\mark.davison.berlin.api.jobs.csproj", "{5DC8A59D-E5A7-4BE0-B5CF-C21EA8BA75CB}"
EndProject
Project("{9A19103F-16F7-4668-BE54-9A1E7A4F7556}") = "mark.davison.berlin.api.jobs.test", "api\test\mark.davison.berlin.api.jobs.test\mark.davison.berlin.api.jobs.test.csproj", "{714B9789-291F-41A4-9A77-E3C2EB37C451}"
EndProject
Project("{9A19103F-16F7-4668-BE54-9A1E7A4F7556}") = "mark.davison.berlin.api.orchestrator", "api\mark.davison.berlin.api.orchestrator\mark.davison.berlin.api.orchestrator.csproj", "{E5B909D3-D2B5-46C8-AD5A-E34D335781D2}"
EndProject
Project("{FAE04EC0-301F-11D3-BF4B-00C04F79EFBC}") = "mark.davison.berlin.shared.server.common.candidate.test", "shared\test\mark.davison.berlin.shared.server.common.candidate.test\mark.davison.berlin.shared.server.common.candidate.test.csproj", "{6237DD30-EB73-4AAA-8F2B-863C23FD58BD}"
EndProject
Global
	GlobalSection(SolutionConfigurationPlatforms) = preSolution
		Debug|Any CPU = Debug|Any CPU
		Release|Any CPU = Release|Any CPU
	EndGlobalSection
	GlobalSection(ProjectConfigurationPlatforms) = postSolution
		{229DA36D-1309-48A1-AA91-97A63A5F4BAB}.Debug|Any CPU.ActiveCfg = Debug|Any CPU
		{229DA36D-1309-48A1-AA91-97A63A5F4BAB}.Debug|Any CPU.Build.0 = Debug|Any CPU
		{229DA36D-1309-48A1-AA91-97A63A5F4BAB}.Release|Any CPU.ActiveCfg = Release|Any CPU
		{229DA36D-1309-48A1-AA91-97A63A5F4BAB}.Release|Any CPU.Build.0 = Release|Any CPU
		{272871A2-7314-4A70-BCDB-918B18F2A627}.Debug|Any CPU.ActiveCfg = Debug|Any CPU
		{272871A2-7314-4A70-BCDB-918B18F2A627}.Debug|Any CPU.Build.0 = Debug|Any CPU
		{272871A2-7314-4A70-BCDB-918B18F2A627}.Release|Any CPU.ActiveCfg = Release|Any CPU
		{272871A2-7314-4A70-BCDB-918B18F2A627}.Release|Any CPU.Build.0 = Release|Any CPU
		{6488A7B5-00E4-423F-BD95-6924265C912B}.Debug|Any CPU.ActiveCfg = Debug|Any CPU
		{6488A7B5-00E4-423F-BD95-6924265C912B}.Debug|Any CPU.Build.0 = Debug|Any CPU
		{6488A7B5-00E4-423F-BD95-6924265C912B}.Release|Any CPU.ActiveCfg = Release|Any CPU
		{6488A7B5-00E4-423F-BD95-6924265C912B}.Release|Any CPU.Build.0 = Release|Any CPU
		{308230B3-24B1-40BE-A316-526CEBAFDA19}.Debug|Any CPU.ActiveCfg = Debug|Any CPU
		{308230B3-24B1-40BE-A316-526CEBAFDA19}.Debug|Any CPU.Build.0 = Debug|Any CPU
		{308230B3-24B1-40BE-A316-526CEBAFDA19}.Release|Any CPU.ActiveCfg = Release|Any CPU
		{308230B3-24B1-40BE-A316-526CEBAFDA19}.Release|Any CPU.Build.0 = Release|Any CPU
		{7750B1A7-5513-4D21-9183-CBC0A6411249}.Debug|Any CPU.ActiveCfg = Debug|Any CPU
		{7750B1A7-5513-4D21-9183-CBC0A6411249}.Debug|Any CPU.Build.0 = Debug|Any CPU
		{7750B1A7-5513-4D21-9183-CBC0A6411249}.Release|Any CPU.ActiveCfg = Release|Any CPU
		{7750B1A7-5513-4D21-9183-CBC0A6411249}.Release|Any CPU.Build.0 = Release|Any CPU
		{4CC18898-54A5-44EC-9953-93BD0B792E6F}.Debug|Any CPU.ActiveCfg = Debug|Any CPU
		{4CC18898-54A5-44EC-9953-93BD0B792E6F}.Debug|Any CPU.Build.0 = Debug|Any CPU
		{4CC18898-54A5-44EC-9953-93BD0B792E6F}.Release|Any CPU.ActiveCfg = Release|Any CPU
		{4CC18898-54A5-44EC-9953-93BD0B792E6F}.Release|Any CPU.Build.0 = Release|Any CPU
		{AF5DD811-471F-46EB-A931-5ED6AF3FB805}.Debug|Any CPU.ActiveCfg = Debug|Any CPU
		{AF5DD811-471F-46EB-A931-5ED6AF3FB805}.Debug|Any CPU.Build.0 = Debug|Any CPU
		{AF5DD811-471F-46EB-A931-5ED6AF3FB805}.Release|Any CPU.ActiveCfg = Release|Any CPU
		{AF5DD811-471F-46EB-A931-5ED6AF3FB805}.Release|Any CPU.Build.0 = Release|Any CPU
		{B435DDF2-3992-4027-A039-A86E2142A9E4}.Debug|Any CPU.ActiveCfg = Debug|Any CPU
		{B435DDF2-3992-4027-A039-A86E2142A9E4}.Debug|Any CPU.Build.0 = Debug|Any CPU
		{B435DDF2-3992-4027-A039-A86E2142A9E4}.Release|Any CPU.ActiveCfg = Release|Any CPU
		{B435DDF2-3992-4027-A039-A86E2142A9E4}.Release|Any CPU.Build.0 = Release|Any CPU
		{63F41E63-40B2-4E00-A504-17E59FEE597A}.Debug|Any CPU.ActiveCfg = Debug|Any CPU
		{63F41E63-40B2-4E00-A504-17E59FEE597A}.Debug|Any CPU.Build.0 = Debug|Any CPU
		{63F41E63-40B2-4E00-A504-17E59FEE597A}.Release|Any CPU.ActiveCfg = Release|Any CPU
		{63F41E63-40B2-4E00-A504-17E59FEE597A}.Release|Any CPU.Build.0 = Release|Any CPU
		{C809B455-FE4E-4916-AB08-D06BE40BF429}.Debug|Any CPU.ActiveCfg = Debug|Any CPU
		{C809B455-FE4E-4916-AB08-D06BE40BF429}.Debug|Any CPU.Build.0 = Debug|Any CPU
		{C809B455-FE4E-4916-AB08-D06BE40BF429}.Release|Any CPU.ActiveCfg = Release|Any CPU
		{C809B455-FE4E-4916-AB08-D06BE40BF429}.Release|Any CPU.Build.0 = Release|Any CPU
		{37052A2A-A4EA-4324-866C-99C4CA645436}.Debug|Any CPU.ActiveCfg = Debug|Any CPU
		{37052A2A-A4EA-4324-866C-99C4CA645436}.Debug|Any CPU.Build.0 = Debug|Any CPU
		{37052A2A-A4EA-4324-866C-99C4CA645436}.Release|Any CPU.ActiveCfg = Release|Any CPU
		{37052A2A-A4EA-4324-866C-99C4CA645436}.Release|Any CPU.Build.0 = Release|Any CPU
		{73485E37-678D-4EDC-AE49-9FC5A3CAD584}.Debug|Any CPU.ActiveCfg = Debug|Any CPU
		{73485E37-678D-4EDC-AE49-9FC5A3CAD584}.Debug|Any CPU.Build.0 = Debug|Any CPU
		{73485E37-678D-4EDC-AE49-9FC5A3CAD584}.Release|Any CPU.ActiveCfg = Release|Any CPU
		{73485E37-678D-4EDC-AE49-9FC5A3CAD584}.Release|Any CPU.Build.0 = Release|Any CPU
		{C339CADD-2745-4D8E-BB64-03A27EB76767}.Debug|Any CPU.ActiveCfg = Debug|Any CPU
		{C339CADD-2745-4D8E-BB64-03A27EB76767}.Debug|Any CPU.Build.0 = Debug|Any CPU
		{C339CADD-2745-4D8E-BB64-03A27EB76767}.Release|Any CPU.ActiveCfg = Release|Any CPU
		{C339CADD-2745-4D8E-BB64-03A27EB76767}.Release|Any CPU.Build.0 = Release|Any CPU
		{1C3ED49E-2CE6-4885-A33E-BF11EEDF95D4}.Debug|Any CPU.ActiveCfg = Debug|Any CPU
		{1C3ED49E-2CE6-4885-A33E-BF11EEDF95D4}.Debug|Any CPU.Build.0 = Debug|Any CPU
		{1C3ED49E-2CE6-4885-A33E-BF11EEDF95D4}.Release|Any CPU.ActiveCfg = Release|Any CPU
		{1C3ED49E-2CE6-4885-A33E-BF11EEDF95D4}.Release|Any CPU.Build.0 = Release|Any CPU
		{2C46BA79-D240-44C8-8501-0FF9AA5959B3}.Debug|Any CPU.ActiveCfg = Debug|Any CPU
		{2C46BA79-D240-44C8-8501-0FF9AA5959B3}.Debug|Any CPU.Build.0 = Debug|Any CPU
		{2C46BA79-D240-44C8-8501-0FF9AA5959B3}.Release|Any CPU.ActiveCfg = Release|Any CPU
		{2C46BA79-D240-44C8-8501-0FF9AA5959B3}.Release|Any CPU.Build.0 = Release|Any CPU
		{96155DAE-91B8-4764-9191-7C1E015846EC}.Debug|Any CPU.ActiveCfg = Debug|Any CPU
		{96155DAE-91B8-4764-9191-7C1E015846EC}.Debug|Any CPU.Build.0 = Debug|Any CPU
		{96155DAE-91B8-4764-9191-7C1E015846EC}.Release|Any CPU.ActiveCfg = Release|Any CPU
		{96155DAE-91B8-4764-9191-7C1E015846EC}.Release|Any CPU.Build.0 = Release|Any CPU
		{1CF27260-5666-488F-BEC9-C30D503C562F}.Debug|Any CPU.ActiveCfg = Debug|Any CPU
		{1CF27260-5666-488F-BEC9-C30D503C562F}.Debug|Any CPU.Build.0 = Debug|Any CPU
		{1CF27260-5666-488F-BEC9-C30D503C562F}.Release|Any CPU.ActiveCfg = Release|Any CPU
		{1CF27260-5666-488F-BEC9-C30D503C562F}.Release|Any CPU.Build.0 = Release|Any CPU
		{57F02580-101A-415A-97BF-F7EDAA23EAFA}.Debug|Any CPU.ActiveCfg = Debug|Any CPU
		{57F02580-101A-415A-97BF-F7EDAA23EAFA}.Debug|Any CPU.Build.0 = Debug|Any CPU
		{57F02580-101A-415A-97BF-F7EDAA23EAFA}.Release|Any CPU.ActiveCfg = Release|Any CPU
		{57F02580-101A-415A-97BF-F7EDAA23EAFA}.Release|Any CPU.Build.0 = Release|Any CPU
		{664C6E2C-9850-4F59-BDC7-DA03B91375CA}.Debug|Any CPU.ActiveCfg = Debug|Any CPU
		{664C6E2C-9850-4F59-BDC7-DA03B91375CA}.Debug|Any CPU.Build.0 = Debug|Any CPU
		{664C6E2C-9850-4F59-BDC7-DA03B91375CA}.Release|Any CPU.ActiveCfg = Release|Any CPU
		{664C6E2C-9850-4F59-BDC7-DA03B91375CA}.Release|Any CPU.Build.0 = Release|Any CPU
		{F8C5D493-BD29-4679-9169-FC622CB25C8D}.Debug|Any CPU.ActiveCfg = Debug|Any CPU
		{F8C5D493-BD29-4679-9169-FC622CB25C8D}.Debug|Any CPU.Build.0 = Debug|Any CPU
		{F8C5D493-BD29-4679-9169-FC622CB25C8D}.Release|Any CPU.ActiveCfg = Release|Any CPU
		{F8C5D493-BD29-4679-9169-FC622CB25C8D}.Release|Any CPU.Build.0 = Release|Any CPU
		{9C626CA3-8CBE-4772-BF0C-A58900BCBE7B}.Debug|Any CPU.ActiveCfg = Debug|Any CPU
		{9C626CA3-8CBE-4772-BF0C-A58900BCBE7B}.Debug|Any CPU.Build.0 = Debug|Any CPU
		{9C626CA3-8CBE-4772-BF0C-A58900BCBE7B}.Release|Any CPU.ActiveCfg = Release|Any CPU
		{9C626CA3-8CBE-4772-BF0C-A58900BCBE7B}.Release|Any CPU.Build.0 = Release|Any CPU
		{26E75C28-B2E1-4509-B2D9-F300669D2C26}.Debug|Any CPU.ActiveCfg = Debug|Any CPU
		{26E75C28-B2E1-4509-B2D9-F300669D2C26}.Debug|Any CPU.Build.0 = Debug|Any CPU
		{26E75C28-B2E1-4509-B2D9-F300669D2C26}.Release|Any CPU.ActiveCfg = Release|Any CPU
		{26E75C28-B2E1-4509-B2D9-F300669D2C26}.Release|Any CPU.Build.0 = Release|Any CPU
		{D7A10A28-A0E2-403F-9C04-FD76DC7635F9}.Debug|Any CPU.ActiveCfg = Debug|Any CPU
		{D7A10A28-A0E2-403F-9C04-FD76DC7635F9}.Debug|Any CPU.Build.0 = Debug|Any CPU
		{D7A10A28-A0E2-403F-9C04-FD76DC7635F9}.Release|Any CPU.ActiveCfg = Release|Any CPU
		{D7A10A28-A0E2-403F-9C04-FD76DC7635F9}.Release|Any CPU.Build.0 = Release|Any CPU
		{66BA533C-995B-47C0-B9A8-27C6F74DE20E}.Debug|Any CPU.ActiveCfg = Debug|Any CPU
		{66BA533C-995B-47C0-B9A8-27C6F74DE20E}.Debug|Any CPU.Build.0 = Debug|Any CPU
		{66BA533C-995B-47C0-B9A8-27C6F74DE20E}.Release|Any CPU.ActiveCfg = Release|Any CPU
		{66BA533C-995B-47C0-B9A8-27C6F74DE20E}.Release|Any CPU.Build.0 = Release|Any CPU
		{EB0313B5-33D4-4360-A507-F5D8B0725102}.Debug|Any CPU.ActiveCfg = Debug|Any CPU
		{EB0313B5-33D4-4360-A507-F5D8B0725102}.Debug|Any CPU.Build.0 = Debug|Any CPU
		{EB0313B5-33D4-4360-A507-F5D8B0725102}.Release|Any CPU.ActiveCfg = Release|Any CPU
		{EB0313B5-33D4-4360-A507-F5D8B0725102}.Release|Any CPU.Build.0 = Release|Any CPU
		{B4CC9480-7FEE-490F-8483-6046227B948D}.Debug|Any CPU.ActiveCfg = Debug|Any CPU
		{B4CC9480-7FEE-490F-8483-6046227B948D}.Debug|Any CPU.Build.0 = Debug|Any CPU
		{B4CC9480-7FEE-490F-8483-6046227B948D}.Release|Any CPU.ActiveCfg = Release|Any CPU
		{B4CC9480-7FEE-490F-8483-6046227B948D}.Release|Any CPU.Build.0 = Release|Any CPU
		{BDA27F04-F1C7-477F-A1E1-F765229F9172}.Debug|Any CPU.ActiveCfg = Debug|Any CPU
		{BDA27F04-F1C7-477F-A1E1-F765229F9172}.Debug|Any CPU.Build.0 = Debug|Any CPU
		{BDA27F04-F1C7-477F-A1E1-F765229F9172}.Release|Any CPU.ActiveCfg = Release|Any CPU
		{BDA27F04-F1C7-477F-A1E1-F765229F9172}.Release|Any CPU.Build.0 = Release|Any CPU
		{6D21E0E0-7600-4F83-8E52-8013504C6FD9}.Debug|Any CPU.ActiveCfg = Debug|Any CPU
		{6D21E0E0-7600-4F83-8E52-8013504C6FD9}.Debug|Any CPU.Build.0 = Debug|Any CPU
		{6D21E0E0-7600-4F83-8E52-8013504C6FD9}.Release|Any CPU.ActiveCfg = Release|Any CPU
		{6D21E0E0-7600-4F83-8E52-8013504C6FD9}.Release|Any CPU.Build.0 = Release|Any CPU
		{5DC8A59D-E5A7-4BE0-B5CF-C21EA8BA75CB}.Debug|Any CPU.ActiveCfg = Debug|Any CPU
		{5DC8A59D-E5A7-4BE0-B5CF-C21EA8BA75CB}.Debug|Any CPU.Build.0 = Debug|Any CPU
		{5DC8A59D-E5A7-4BE0-B5CF-C21EA8BA75CB}.Release|Any CPU.ActiveCfg = Release|Any CPU
		{5DC8A59D-E5A7-4BE0-B5CF-C21EA8BA75CB}.Release|Any CPU.Build.0 = Release|Any CPU
		{714B9789-291F-41A4-9A77-E3C2EB37C451}.Debug|Any CPU.ActiveCfg = Debug|Any CPU
		{714B9789-291F-41A4-9A77-E3C2EB37C451}.Debug|Any CPU.Build.0 = Debug|Any CPU
		{714B9789-291F-41A4-9A77-E3C2EB37C451}.Release|Any CPU.ActiveCfg = Release|Any CPU
		{714B9789-291F-41A4-9A77-E3C2EB37C451}.Release|Any CPU.Build.0 = Release|Any CPU
		{E5B909D3-D2B5-46C8-AD5A-E34D335781D2}.Debug|Any CPU.ActiveCfg = Debug|Any CPU
		{E5B909D3-D2B5-46C8-AD5A-E34D335781D2}.Debug|Any CPU.Build.0 = Debug|Any CPU
		{E5B909D3-D2B5-46C8-AD5A-E34D335781D2}.Release|Any CPU.ActiveCfg = Release|Any CPU
		{E5B909D3-D2B5-46C8-AD5A-E34D335781D2}.Release|Any CPU.Build.0 = Release|Any CPU
		{6237DD30-EB73-4AAA-8F2B-863C23FD58BD}.Debug|Any CPU.ActiveCfg = Debug|Any CPU
		{6237DD30-EB73-4AAA-8F2B-863C23FD58BD}.Debug|Any CPU.Build.0 = Debug|Any CPU
		{6237DD30-EB73-4AAA-8F2B-863C23FD58BD}.Release|Any CPU.ActiveCfg = Release|Any CPU
		{6237DD30-EB73-4AAA-8F2B-863C23FD58BD}.Release|Any CPU.Build.0 = Release|Any CPU
	EndGlobalSection
	GlobalSection(SolutionProperties) = preSolution
		HideSolutionNode = FALSE
	EndGlobalSection
	GlobalSection(NestedProjects) = preSolution
		{229DA36D-1309-48A1-AA91-97A63A5F4BAB} = {179681B0-D068-4161-A21C-199ABA7A9088}
		{65EF5425-D541-4C38-B4F3-338B227B2CCA} = {179681B0-D068-4161-A21C-199ABA7A9088}
		{40285C56-9D0D-471F-AD82-D1E88D2684AC} = {179681B0-D068-4161-A21C-199ABA7A9088}
		{272871A2-7314-4A70-BCDB-918B18F2A627} = {65EF5425-D541-4C38-B4F3-338B227B2CCA}
		{6488A7B5-00E4-423F-BD95-6924265C912B} = {65EF5425-D541-4C38-B4F3-338B227B2CCA}
		{308230B3-24B1-40BE-A316-526CEBAFDA19} = {F4ACDAFB-CC48-4451-AE95-760C70A580D6}
		{7750B1A7-5513-4D21-9183-CBC0A6411249} = {179681B0-D068-4161-A21C-199ABA7A9088}
		{4CC18898-54A5-44EC-9953-93BD0B792E6F} = {179681B0-D068-4161-A21C-199ABA7A9088}
		{AF5DD811-471F-46EB-A931-5ED6AF3FB805} = {40285C56-9D0D-471F-AD82-D1E88D2684AC}
		{9FDCA6D9-E3D5-45AD-8F4F-53336BD7F3AC} = {F4ACDAFB-CC48-4451-AE95-760C70A580D6}
		{B435DDF2-3992-4027-A039-A86E2142A9E4} = {F4ACDAFB-CC48-4451-AE95-760C70A580D6}
		{63F41E63-40B2-4E00-A504-17E59FEE597A} = {F4ACDAFB-CC48-4451-AE95-760C70A580D6}
		{C809B455-FE4E-4916-AB08-D06BE40BF429} = {F4ACDAFB-CC48-4451-AE95-760C70A580D6}
		{37052A2A-A4EA-4324-866C-99C4CA645436} = {9FDCA6D9-E3D5-45AD-8F4F-53336BD7F3AC}
		{73485E37-678D-4EDC-AE49-9FC5A3CAD584} = {9FDCA6D9-E3D5-45AD-8F4F-53336BD7F3AC}
		{C339CADD-2745-4D8E-BB64-03A27EB76767} = {2F0897BE-6567-44B3-8030-3634461FFB0A}
		{A1637F96-7528-43B9-A83B-40A55FE95090} = {2F0897BE-6567-44B3-8030-3634461FFB0A}
		{1C3ED49E-2CE6-4885-A33E-BF11EEDF95D4} = {A1637F96-7528-43B9-A83B-40A55FE95090}
		{2C46BA79-D240-44C8-8501-0FF9AA5959B3} = {F821870F-DB4D-4472-BEBD-2A7164BFA942}
		{6DE42E8F-1B40-434A-8762-0E668B6B83B0} = {F821870F-DB4D-4472-BEBD-2A7164BFA942}
		{96155DAE-91B8-4764-9191-7C1E015846EC} = {6DE42E8F-1B40-434A-8762-0E668B6B83B0}
		{1CF27260-5666-488F-BEC9-C30D503C562F} = {F4ACDAFB-CC48-4451-AE95-760C70A580D6}
		{57F02580-101A-415A-97BF-F7EDAA23EAFA} = {F4ACDAFB-CC48-4451-AE95-760C70A580D6}
		{664C6E2C-9850-4F59-BDC7-DA03B91375CA} = {F4ACDAFB-CC48-4451-AE95-760C70A580D6}
		{F8C5D493-BD29-4679-9169-FC622CB25C8D} = {9FDCA6D9-E3D5-45AD-8F4F-53336BD7F3AC}
		{9C626CA3-8CBE-4772-BF0C-A58900BCBE7B} = {F4ACDAFB-CC48-4451-AE95-760C70A580D6}
		{26E75C28-B2E1-4509-B2D9-F300669D2C26} = {9FDCA6D9-E3D5-45AD-8F4F-53336BD7F3AC}
		{D7A10A28-A0E2-403F-9C04-FD76DC7635F9} = {878597A8-9199-4F18-8D1E-EA6FDB9FD471}
		{66BA533C-995B-47C0-B9A8-27C6F74DE20E} = {878597A8-9199-4F18-8D1E-EA6FDB9FD471}
		{EB0313B5-33D4-4360-A507-F5D8B0725102} = {878597A8-9199-4F18-8D1E-EA6FDB9FD471}
		{B4CC9480-7FEE-490F-8483-6046227B948D} = {878597A8-9199-4F18-8D1E-EA6FDB9FD471}
		{9A69FC2C-F515-4AA5-9AD6-39813FA7B7EC} = {878597A8-9199-4F18-8D1E-EA6FDB9FD471}
		{BDA27F04-F1C7-477F-A1E1-F765229F9172} = {9A69FC2C-F515-4AA5-9AD6-39813FA7B7EC}
		{6D21E0E0-7600-4F83-8E52-8013504C6FD9} = {F4ACDAFB-CC48-4451-AE95-760C70A580D6}
		{5DC8A59D-E5A7-4BE0-B5CF-C21EA8BA75CB} = {179681B0-D068-4161-A21C-199ABA7A9088}
		{714B9789-291F-41A4-9A77-E3C2EB37C451} = {40285C56-9D0D-471F-AD82-D1E88D2684AC}
		{E5B909D3-D2B5-46C8-AD5A-E34D335781D2} = {179681B0-D068-4161-A21C-199ABA7A9088}
		{6237DD30-EB73-4AAA-8F2B-863C23FD58BD} = {9FDCA6D9-E3D5-45AD-8F4F-53336BD7F3AC}
	EndGlobalSection
	GlobalSection(ExtensibilityGlobals) = postSolution
		SolutionGuid = {203F8C74-DF4A-4DF5-942E-8C2E8B6D92CA}
	EndGlobalSection
EndGlobal
