
Microsoft Visual Studio Solution File, Format Version 12.00
# Visual Studio Version 17
VisualStudioVersion = 17.9.34616.47
MinimumVisualStudioVersion = 10.0.40219.1
Project("{9A19103F-16F7-4668-BE54-9A1E7A4F7556}") = "mark.davison.berlin.web.ui.playwright", "web\test\mark.davison.berlin.web.ui.playwright\mark.davison.berlin.web.ui.playwright.csproj", "{55972DD5-779D-47B5-9F30-1597D35246B8}"
EndProject
Project("{9A19103F-16F7-4668-BE54-9A1E7A4F7556}") = "mark.davison.berlin.shared.constants", "shared\mark.davison.berlin.shared.constants\mark.davison.berlin.shared.constants.csproj", "{FD885E0C-FEA2-43D2-B134-763DC1C6E426}"
EndProject
Global
	GlobalSection(SolutionConfigurationPlatforms) = preSolution
		Debug|Any CPU = Debug|Any CPU
		Release|Any CPU = Release|Any CPU
	EndGlobalSection
	GlobalSection(ProjectConfigurationPlatforms) = postSolution
		{55972DD5-779D-47B5-9F30-1597D35246B8}.Debug|Any CPU.ActiveCfg = Debug|Any CPU
		{55972DD5-779D-47B5-9F30-1597D35246B8}.Debug|Any CPU.Build.0 = Debug|Any CPU
		{55972DD5-779D-47B5-9F30-1597D35246B8}.Release|Any CPU.ActiveCfg = Release|Any CPU
		{55972DD5-779D-47B5-9F30-1597D35246B8}.Release|Any CPU.Build.0 = Release|Any CPU
		{FD885E0C-FEA2-43D2-B134-763DC1C6E426}.Debug|Any CPU.ActiveCfg = Debug|Any CPU
		{FD885E0C-FEA2-43D2-B134-763DC1C6E426}.Debug|Any CPU.Build.0 = Debug|Any CPU
		{FD885E0C-FEA2-43D2-B134-763DC1C6E426}.Release|Any CPU.ActiveCfg = Release|Any CPU
		{FD885E0C-FEA2-43D2-B134-763DC1C6E426}.Release|Any CPU.Build.0 = Release|Any CPU
	EndGlobalSection
	GlobalSection(SolutionProperties) = preSolution
		HideSolutionNode = FALSE
	EndGlobalSection
	GlobalSection(ExtensibilityGlobals) = postSolution
		SolutionGuid = {F6D14CAC-8E82-41C6-A926-BF5F0797B734}
	EndGlobalSection
EndGlobal
